github.com/minipub/puck v0.0.0-20191023013443-55ece4129c7d h1:bbQRliSpH75HEo2//wgeOy+srnOPazX/UgIxo80megA=
github.com/minipub/puck v0.0.0-20191023013443-55ece4129c7d/go.mod h1:BCAboKuHs62y9QSl1jpQJMIJBkvAqqsVP/LR+9/yOF8=
github.com/minipub/puck v0.0.0-20191023023730-3d9b10899c56 h1:0i1RwJ2Js0HIsBVBdd3QP0gM7xUGayShyS5wscikY1g=
github.com/minipub/puck v0.0.0-20191023023730-3d9b10899c56/go.mod h1:BCAboKuHs62y9QSl1jpQJMIJBkvAqqsVP/LR+9/yOF8=
